
Microsoft Visual Studio Solution File, Format Version 12.00
# Visual Studio Version 17
VisualStudioVersion = 17.6.33801.468
MinimumVisualStudioVersion = 10.0.40219.1
Project("{FAE04EC0-301F-11D3-BF4B-00C04F79EFBC}") = "SampleGpt", "SampleGpt\SampleGpt.csproj", "{BA10AA3D-67E3-4B95-96B1-BA3B3F20FBA6}"
EndProject
Global
	GlobalSection(SolutionConfigurationPlatforms) = preSolution
		Debug|Any CPU = Debug|Any CPU
		Release|Any CPU = Release|Any CPU
	EndGlobalSection
	GlobalSection(ProjectConfigurationPlatforms) = postSolution
		{BA10AA3D-67E3-4B95-96B1-BA3B3F20FBA6}.Debug|Any CPU.ActiveCfg = Debug|Any CPU
		{BA10AA3D-67E3-4B95-96B1-BA3B3F20FBA6}.Debug|Any CPU.Build.0 = Debug|Any CPU
		{BA10AA3D-67E3-4B95-96B1-BA3B3F20FBA6}.Release|Any CPU.ActiveCfg = Release|Any CPU
		{BA10AA3D-67E3-4B95-96B1-BA3B3F20FBA6}.Release|Any CPU.Build.0 = Release|Any CPU
	EndGlobalSection
	GlobalSection(SolutionProperties) = preSolution
		HideSolutionNode = FALSE
	EndGlobalSection
	GlobalSection(ExtensibilityGlobals) = postSolution
		SolutionGuid = {D1FF9315-E29D-43D4-AB53-29A61244B6CB}
	EndGlobalSection
EndGlobal
